
Microsoft Visual Studio Solution File, Format Version 12.00
# Visual Studio 15
VisualStudioVersion = 15.0.26430.15
MinimumVisualStudioVersion = 10.0.40219.1
Project("{FAE04EC0-301F-11D3-BF4B-00C04F79EFBC}") = "OlaMundoPCL.Android", "OlaMundoPCL\OlaMundoPCL.Android\OlaMundoPCL.Android.csproj", "{91043AA0-6CC9-43D0-A244-CC63449B7CBA}"
EndProject
Project("{FAE04EC0-301F-11D3-BF4B-00C04F79EFBC}") = "OlaMundoPCL", "OlaMundoPCL\OlaMundoPCL\OlaMundoPCL.csproj", "{D5D68AE3-BDED-422F-ACF0-3820A7065787}"
EndProject
Project("{FAE04EC0-301F-11D3-BF4B-00C04F79EFBC}") = "OlaMundoPCL.UWP", "OlaMundoPCL\OlaMundoPCL.UWP\OlaMundoPCL.UWP.csproj", "{E7758C9D-1A85-4F05-95BA-9C5BE4338400}"
EndProject
Project("{FAE04EC0-301F-11D3-BF4B-00C04F79EFBC}") = "OlaMundoPCL.iOS", "OlaMundoPCL\OlaMundoPCL.iOS\OlaMundoPCL.iOS.csproj", "{17E1D2BA-96E6-4EE8-933B-A706631A8BE1}"
EndProject
Global
	GlobalSection(SolutionConfigurationPlatforms) = preSolution
		Ad-Hoc|Any CPU = Ad-Hoc|Any CPU
		Ad-Hoc|ARM = Ad-Hoc|ARM
		Ad-Hoc|iPhone = Ad-Hoc|iPhone
		Ad-Hoc|iPhoneSimulator = Ad-Hoc|iPhoneSimulator
		Ad-Hoc|x64 = Ad-Hoc|x64
		Ad-Hoc|x86 = Ad-Hoc|x86
		AppStore|Any CPU = AppStore|Any CPU
		AppStore|ARM = AppStore|ARM
		AppStore|iPhone = AppStore|iPhone
		AppStore|iPhoneSimulator = AppStore|iPhoneSimulator
		AppStore|x64 = AppStore|x64
		AppStore|x86 = AppStore|x86
		Debug|Any CPU = Debug|Any CPU
		Debug|ARM = Debug|ARM
		Debug|iPhone = Debug|iPhone
		Debug|iPhoneSimulator = Debug|iPhoneSimulator
		Debug|x64 = Debug|x64
		Debug|x86 = Debug|x86
		Release|Any CPU = Release|Any CPU
		Release|ARM = Release|ARM
		Release|iPhone = Release|iPhone
		Release|iPhoneSimulator = Release|iPhoneSimulator
		Release|x64 = Release|x64
		Release|x86 = Release|x86
	EndGlobalSection
	GlobalSection(ProjectConfigurationPlatforms) = postSolution
		{91043AA0-6CC9-43D0-A244-CC63449B7CBA}.Ad-Hoc|Any CPU.ActiveCfg = Release|Any CPU
		{91043AA0-6CC9-43D0-A244-CC63449B7CBA}.Ad-Hoc|Any CPU.Build.0 = Release|Any CPU
		{91043AA0-6CC9-43D0-A244-CC63449B7CBA}.Ad-Hoc|Any CPU.Deploy.0 = Release|Any CPU
		{91043AA0-6CC9-43D0-A244-CC63449B7CBA}.Ad-Hoc|ARM.ActiveCfg = Release|Any CPU
		{91043AA0-6CC9-43D0-A244-CC63449B7CBA}.Ad-Hoc|ARM.Build.0 = Release|Any CPU
		{91043AA0-6CC9-43D0-A244-CC63449B7CBA}.Ad-Hoc|ARM.Deploy.0 = Release|Any CPU
		{91043AA0-6CC9-43D0-A244-CC63449B7CBA}.Ad-Hoc|iPhone.ActiveCfg = Release|Any CPU
		{91043AA0-6CC9-43D0-A244-CC63449B7CBA}.Ad-Hoc|iPhone.Build.0 = Release|Any CPU
		{91043AA0-6CC9-43D0-A244-CC63449B7CBA}.Ad-Hoc|iPhone.Deploy.0 = Release|Any CPU
		{91043AA0-6CC9-43D0-A244-CC63449B7CBA}.Ad-Hoc|iPhoneSimulator.ActiveCfg = Release|Any CPU
		{91043AA0-6CC9-43D0-A244-CC63449B7CBA}.Ad-Hoc|iPhoneSimulator.Build.0 = Release|Any CPU
		{91043AA0-6CC9-43D0-A244-CC63449B7CBA}.Ad-Hoc|iPhoneSimulator.Deploy.0 = Release|Any CPU
		{91043AA0-6CC9-43D0-A244-CC63449B7CBA}.Ad-Hoc|x64.ActiveCfg = Release|Any CPU
		{91043AA0-6CC9-43D0-A244-CC63449B7CBA}.Ad-Hoc|x64.Build.0 = Release|Any CPU
		{91043AA0-6CC9-43D0-A244-CC63449B7CBA}.Ad-Hoc|x64.Deploy.0 = Release|Any CPU
		{91043AA0-6CC9-43D0-A244-CC63449B7CBA}.Ad-Hoc|x86.ActiveCfg = Release|Any CPU
		{91043AA0-6CC9-43D0-A244-CC63449B7CBA}.Ad-Hoc|x86.Build.0 = Release|Any CPU
		{91043AA0-6CC9-43D0-A244-CC63449B7CBA}.Ad-Hoc|x86.Deploy.0 = Release|Any CPU
		{91043AA0-6CC9-43D0-A244-CC63449B7CBA}.AppStore|Any CPU.ActiveCfg = Release|Any CPU
		{91043AA0-6CC9-43D0-A244-CC63449B7CBA}.AppStore|Any CPU.Build.0 = Release|Any CPU
		{91043AA0-6CC9-43D0-A244-CC63449B7CBA}.AppStore|Any CPU.Deploy.0 = Release|Any CPU
		{91043AA0-6CC9-43D0-A244-CC63449B7CBA}.AppStore|ARM.ActiveCfg = Release|Any CPU
		{91043AA0-6CC9-43D0-A244-CC63449B7CBA}.AppStore|ARM.Build.0 = Release|Any CPU
		{91043AA0-6CC9-43D0-A244-CC63449B7CBA}.AppStore|ARM.Deploy.0 = Release|Any CPU
		{91043AA0-6CC9-43D0-A244-CC63449B7CBA}.AppStore|iPhone.ActiveCfg = Release|Any CPU
		{91043AA0-6CC9-43D0-A244-CC63449B7CBA}.AppStore|iPhone.Build.0 = Release|Any CPU
		{91043AA0-6CC9-43D0-A244-CC63449B7CBA}.AppStore|iPhone.Deploy.0 = Release|Any CPU
		{91043AA0-6CC9-43D0-A244-CC63449B7CBA}.AppStore|iPhoneSimulator.ActiveCfg = Release|Any CPU
		{91043AA0-6CC9-43D0-A244-CC63449B7CBA}.AppStore|iPhoneSimulator.Build.0 = Release|Any CPU
		{91043AA0-6CC9-43D0-A244-CC63449B7CBA}.AppStore|iPhoneSimulator.Deploy.0 = Release|Any CPU
		{91043AA0-6CC9-43D0-A244-CC63449B7CBA}.AppStore|x64.ActiveCfg = Release|Any CPU
		{91043AA0-6CC9-43D0-A244-CC63449B7CBA}.AppStore|x64.Build.0 = Release|Any CPU
		{91043AA0-6CC9-43D0-A244-CC63449B7CBA}.AppStore|x64.Deploy.0 = Release|Any CPU
		{91043AA0-6CC9-43D0-A244-CC63449B7CBA}.AppStore|x86.ActiveCfg = Release|Any CPU
		{91043AA0-6CC9-43D0-A244-CC63449B7CBA}.AppStore|x86.Build.0 = Release|Any CPU
		{91043AA0-6CC9-43D0-A244-CC63449B7CBA}.AppStore|x86.Deploy.0 = Release|Any CPU
		{91043AA0-6CC9-43D0-A244-CC63449B7CBA}.Debug|Any CPU.ActiveCfg = Debug|Any CPU
		{91043AA0-6CC9-43D0-A244-CC63449B7CBA}.Debug|Any CPU.Build.0 = Debug|Any CPU
		{91043AA0-6CC9-43D0-A244-CC63449B7CBA}.Debug|Any CPU.Deploy.0 = Debug|Any CPU
		{91043AA0-6CC9-43D0-A244-CC63449B7CBA}.Debug|ARM.ActiveCfg = Debug|Any CPU
		{91043AA0-6CC9-43D0-A244-CC63449B7CBA}.Debug|ARM.Build.0 = Debug|Any CPU
		{91043AA0-6CC9-43D0-A244-CC63449B7CBA}.Debug|ARM.Deploy.0 = Debug|Any CPU
		{91043AA0-6CC9-43D0-A244-CC63449B7CBA}.Debug|iPhone.ActiveCfg = Debug|Any CPU
		{91043AA0-6CC9-43D0-A244-CC63449B7CBA}.Debug|iPhone.Build.0 = Debug|Any CPU
		{91043AA0-6CC9-43D0-A244-CC63449B7CBA}.Debug|iPhone.Deploy.0 = Debug|Any CPU
		{91043AA0-6CC9-43D0-A244-CC63449B7CBA}.Debug|iPhoneSimulator.ActiveCfg = Debug|Any CPU
		{91043AA0-6CC9-43D0-A244-CC63449B7CBA}.Debug|iPhoneSimulator.Build.0 = Debug|Any CPU
		{91043AA0-6CC9-43D0-A244-CC63449B7CBA}.Debug|iPhoneSimulator.Deploy.0 = Debug|Any CPU
		{91043AA0-6CC9-43D0-A244-CC63449B7CBA}.Debug|x64.ActiveCfg = Debug|Any CPU
		{91043AA0-6CC9-43D0-A244-CC63449B7CBA}.Debug|x64.Build.0 = Debug|Any CPU
		{91043AA0-6CC9-43D0-A244-CC63449B7CBA}.Debug|x64.Deploy.0 = Debug|Any CPU
		{91043AA0-6CC9-43D0-A244-CC63449B7CBA}.Debug|x86.ActiveCfg = Debug|Any CPU
		{91043AA0-6CC9-43D0-A244-CC63449B7CBA}.Debug|x86.Build.0 = Debug|Any CPU
		{91043AA0-6CC9-43D0-A244-CC63449B7CBA}.Debug|x86.Deploy.0 = Debug|Any CPU
		{91043AA0-6CC9-43D0-A244-CC63449B7CBA}.Release|Any CPU.ActiveCfg = Release|Any CPU
		{91043AA0-6CC9-43D0-A244-CC63449B7CBA}.Release|Any CPU.Build.0 = Release|Any CPU
		{91043AA0-6CC9-43D0-A244-CC63449B7CBA}.Release|Any CPU.Deploy.0 = Release|Any CPU
		{91043AA0-6CC9-43D0-A244-CC63449B7CBA}.Release|ARM.ActiveCfg = Release|Any CPU
		{91043AA0-6CC9-43D0-A244-CC63449B7CBA}.Release|ARM.Build.0 = Release|Any CPU
		{91043AA0-6CC9-43D0-A244-CC63449B7CBA}.Release|ARM.Deploy.0 = Release|Any CPU
		{91043AA0-6CC9-43D0-A244-CC63449B7CBA}.Release|iPhone.ActiveCfg = Release|Any CPU
		{91043AA0-6CC9-43D0-A244-CC63449B7CBA}.Release|iPhone.Build.0 = Release|Any CPU
		{91043AA0-6CC9-43D0-A244-CC63449B7CBA}.Release|iPhone.Deploy.0 = Release|Any CPU
		{91043AA0-6CC9-43D0-A244-CC63449B7CBA}.Release|iPhoneSimulator.ActiveCfg = Release|Any CPU
		{91043AA0-6CC9-43D0-A244-CC63449B7CBA}.Release|iPhoneSimulator.Build.0 = Release|Any CPU
		{91043AA0-6CC9-43D0-A244-CC63449B7CBA}.Release|iPhoneSimulator.Deploy.0 = Release|Any CPU
		{91043AA0-6CC9-43D0-A244-CC63449B7CBA}.Release|x64.ActiveCfg = Release|Any CPU
		{91043AA0-6CC9-43D0-A244-CC63449B7CBA}.Release|x64.Build.0 = Release|Any CPU
		{91043AA0-6CC9-43D0-A244-CC63449B7CBA}.Release|x64.Deploy.0 = Release|Any CPU
		{91043AA0-6CC9-43D0-A244-CC63449B7CBA}.Release|x86.ActiveCfg = Release|Any CPU
		{91043AA0-6CC9-43D0-A244-CC63449B7CBA}.Release|x86.Build.0 = Release|Any CPU
		{91043AA0-6CC9-43D0-A244-CC63449B7CBA}.Release|x86.Deploy.0 = Release|Any CPU
		{D5D68AE3-BDED-422F-ACF0-3820A7065787}.Ad-Hoc|Any CPU.ActiveCfg = Release|Any CPU
		{D5D68AE3-BDED-422F-ACF0-3820A7065787}.Ad-Hoc|Any CPU.Build.0 = Release|Any CPU
		{D5D68AE3-BDED-422F-ACF0-3820A7065787}.Ad-Hoc|ARM.ActiveCfg = Release|Any CPU
		{D5D68AE3-BDED-422F-ACF0-3820A7065787}.Ad-Hoc|ARM.Build.0 = Release|Any CPU
		{D5D68AE3-BDED-422F-ACF0-3820A7065787}.Ad-Hoc|iPhone.ActiveCfg = Release|Any CPU
		{D5D68AE3-BDED-422F-ACF0-3820A7065787}.Ad-Hoc|iPhone.Build.0 = Release|Any CPU
		{D5D68AE3-BDED-422F-ACF0-3820A7065787}.Ad-Hoc|iPhoneSimulator.ActiveCfg = Release|Any CPU
		{D5D68AE3-BDED-422F-ACF0-3820A7065787}.Ad-Hoc|iPhoneSimulator.Build.0 = Release|Any CPU
		{D5D68AE3-BDED-422F-ACF0-3820A7065787}.Ad-Hoc|x64.ActiveCfg = Release|Any CPU
		{D5D68AE3-BDED-422F-ACF0-3820A7065787}.Ad-Hoc|x64.Build.0 = Release|Any CPU
		{D5D68AE3-BDED-422F-ACF0-3820A7065787}.Ad-Hoc|x86.ActiveCfg = Release|Any CPU
		{D5D68AE3-BDED-422F-ACF0-3820A7065787}.Ad-Hoc|x86.Build.0 = Release|Any CPU
		{D5D68AE3-BDED-422F-ACF0-3820A7065787}.AppStore|Any CPU.ActiveCfg = Release|Any CPU
		{D5D68AE3-BDED-422F-ACF0-3820A7065787}.AppStore|Any CPU.Build.0 = Release|Any CPU
		{D5D68AE3-BDED-422F-ACF0-3820A7065787}.AppStore|ARM.ActiveCfg = Release|Any CPU
		{D5D68AE3-BDED-422F-ACF0-3820A7065787}.AppStore|ARM.Build.0 = Release|Any CPU
		{D5D68AE3-BDED-422F-ACF0-3820A7065787}.AppStore|iPhone.ActiveCfg = Release|Any CPU
		{D5D68AE3-BDED-422F-ACF0-3820A7065787}.AppStore|iPhone.Build.0 = Release|Any CPU
		{D5D68AE3-BDED-422F-ACF0-3820A7065787}.AppStore|iPhoneSimulator.ActiveCfg = Release|Any CPU
		{D5D68AE3-BDED-422F-ACF0-3820A7065787}.AppStore|iPhoneSimulator.Build.0 = Release|Any CPU
		{D5D68AE3-BDED-422F-ACF0-3820A7065787}.AppStore|x64.ActiveCfg = Release|Any CPU
		{D5D68AE3-BDED-422F-ACF0-3820A7065787}.AppStore|x64.Build.0 = Release|Any CPU
		{D5D68AE3-BDED-422F-ACF0-3820A7065787}.AppStore|x86.ActiveCfg = Release|Any CPU
		{D5D68AE3-BDED-422F-ACF0-3820A7065787}.AppStore|x86.Build.0 = Release|Any CPU
		{D5D68AE3-BDED-422F-ACF0-3820A7065787}.Debug|Any CPU.ActiveCfg = Debug|Any CPU
		{D5D68AE3-BDED-422F-ACF0-3820A7065787}.Debug|Any CPU.Build.0 = Debug|Any CPU
		{D5D68AE3-BDED-422F-ACF0-3820A7065787}.Debug|ARM.ActiveCfg = Debug|Any CPU
		{D5D68AE3-BDED-422F-ACF0-3820A7065787}.Debug|ARM.Build.0 = Debug|Any CPU
		{D5D68AE3-BDED-422F-ACF0-3820A7065787}.Debug|iPhone.ActiveCfg = Debug|Any CPU
		{D5D68AE3-BDED-422F-ACF0-3820A7065787}.Debug|iPhone.Build.0 = Debug|Any CPU
		{D5D68AE3-BDED-422F-ACF0-3820A7065787}.Debug|iPhoneSimulator.ActiveCfg = Debug|Any CPU
		{D5D68AE3-BDED-422F-ACF0-3820A7065787}.Debug|iPhoneSimulator.Build.0 = Debug|Any CPU
		{D5D68AE3-BDED-422F-ACF0-3820A7065787}.Debug|x64.ActiveCfg = Debug|Any CPU
		{D5D68AE3-BDED-422F-ACF0-3820A7065787}.Debug|x64.Build.0 = Debug|Any CPU
		{D5D68AE3-BDED-422F-ACF0-3820A7065787}.Debug|x86.ActiveCfg = Debug|Any CPU
		{D5D68AE3-BDED-422F-ACF0-3820A7065787}.Debug|x86.Build.0 = Debug|Any CPU
		{D5D68AE3-BDED-422F-ACF0-3820A7065787}.Release|Any CPU.ActiveCfg = Release|Any CPU
		{D5D68AE3-BDED-422F-ACF0-3820A7065787}.Release|Any CPU.Build.0 = Release|Any CPU
		{D5D68AE3-BDED-422F-ACF0-3820A7065787}.Release|ARM.ActiveCfg = Release|Any CPU
		{D5D68AE3-BDED-422F-ACF0-3820A7065787}.Release|ARM.Build.0 = Release|Any CPU
		{D5D68AE3-BDED-422F-ACF0-3820A7065787}.Release|iPhone.ActiveCfg = Release|Any CPU
		{D5D68AE3-BDED-422F-ACF0-3820A7065787}.Release|iPhone.Build.0 = Release|Any CPU
		{D5D68AE3-BDED-422F-ACF0-3820A7065787}.Release|iPhoneSimulator.ActiveCfg = Release|Any CPU
		{D5D68AE3-BDED-422F-ACF0-3820A7065787}.Release|iPhoneSimulator.Build.0 = Release|Any CPU
		{D5D68AE3-BDED-422F-ACF0-3820A7065787}.Release|x64.ActiveCfg = Release|Any CPU
		{D5D68AE3-BDED-422F-ACF0-3820A7065787}.Release|x64.Build.0 = Release|Any CPU
		{D5D68AE3-BDED-422F-ACF0-3820A7065787}.Release|x86.ActiveCfg = Release|Any CPU
		{D5D68AE3-BDED-422F-ACF0-3820A7065787}.Release|x86.Build.0 = Release|Any CPU
		{E7758C9D-1A85-4F05-95BA-9C5BE4338400}.Ad-Hoc|Any CPU.ActiveCfg = Release|x86
		{E7758C9D-1A85-4F05-95BA-9C5BE4338400}.Ad-Hoc|Any CPU.Build.0 = Release|x86
		{E7758C9D-1A85-4F05-95BA-9C5BE4338400}.Ad-Hoc|Any CPU.Deploy.0 = Release|x86
		{E7758C9D-1A85-4F05-95BA-9C5BE4338400}.Ad-Hoc|ARM.ActiveCfg = Release|ARM
		{E7758C9D-1A85-4F05-95BA-9C5BE4338400}.Ad-Hoc|ARM.Build.0 = Release|ARM
		{E7758C9D-1A85-4F05-95BA-9C5BE4338400}.Ad-Hoc|ARM.Deploy.0 = Release|ARM
		{E7758C9D-1A85-4F05-95BA-9C5BE4338400}.Ad-Hoc|iPhone.ActiveCfg = Release|x86
		{E7758C9D-1A85-4F05-95BA-9C5BE4338400}.Ad-Hoc|iPhone.Build.0 = Release|x86
		{E7758C9D-1A85-4F05-95BA-9C5BE4338400}.Ad-Hoc|iPhone.Deploy.0 = Release|x86
		{E7758C9D-1A85-4F05-95BA-9C5BE4338400}.Ad-Hoc|iPhoneSimulator.ActiveCfg = Release|x86
		{E7758C9D-1A85-4F05-95BA-9C5BE4338400}.Ad-Hoc|iPhoneSimulator.Build.0 = Release|x86
		{E7758C9D-1A85-4F05-95BA-9C5BE4338400}.Ad-Hoc|iPhoneSimulator.Deploy.0 = Release|x86
		{E7758C9D-1A85-4F05-95BA-9C5BE4338400}.Ad-Hoc|x64.ActiveCfg = Release|x64
		{E7758C9D-1A85-4F05-95BA-9C5BE4338400}.Ad-Hoc|x64.Build.0 = Release|x64
		{E7758C9D-1A85-4F05-95BA-9C5BE4338400}.Ad-Hoc|x64.Deploy.0 = Release|x64
		{E7758C9D-1A85-4F05-95BA-9C5BE4338400}.Ad-Hoc|x86.ActiveCfg = Release|x86
		{E7758C9D-1A85-4F05-95BA-9C5BE4338400}.Ad-Hoc|x86.Build.0 = Release|x86
		{E7758C9D-1A85-4F05-95BA-9C5BE4338400}.Ad-Hoc|x86.Deploy.0 = Release|x86
		{E7758C9D-1A85-4F05-95BA-9C5BE4338400}.AppStore|Any CPU.ActiveCfg = Release|x86
		{E7758C9D-1A85-4F05-95BA-9C5BE4338400}.AppStore|Any CPU.Build.0 = Release|x86
		{E7758C9D-1A85-4F05-95BA-9C5BE4338400}.AppStore|Any CPU.Deploy.0 = Release|x86
		{E7758C9D-1A85-4F05-95BA-9C5BE4338400}.AppStore|ARM.ActiveCfg = Release|ARM
		{E7758C9D-1A85-4F05-95BA-9C5BE4338400}.AppStore|ARM.Build.0 = Release|ARM
		{E7758C9D-1A85-4F05-95BA-9C5BE4338400}.AppStore|ARM.Deploy.0 = Release|ARM
		{E7758C9D-1A85-4F05-95BA-9C5BE4338400}.AppStore|iPhone.ActiveCfg = Release|x86
		{E7758C9D-1A85-4F05-95BA-9C5BE4338400}.AppStore|iPhone.Build.0 = Release|x86
		{E7758C9D-1A85-4F05-95BA-9C5BE4338400}.AppStore|iPhone.Deploy.0 = Release|x86
		{E7758C9D-1A85-4F05-95BA-9C5BE4338400}.AppStore|iPhoneSimulator.ActiveCfg = Release|x86
		{E7758C9D-1A85-4F05-95BA-9C5BE4338400}.AppStore|iPhoneSimulator.Build.0 = Release|x86
		{E7758C9D-1A85-4F05-95BA-9C5BE4338400}.AppStore|iPhoneSimulator.Deploy.0 = Release|x86
		{E7758C9D-1A85-4F05-95BA-9C5BE4338400}.AppStore|x64.ActiveCfg = Release|x64
		{E7758C9D-1A85-4F05-95BA-9C5BE4338400}.AppStore|x64.Build.0 = Release|x64
		{E7758C9D-1A85-4F05-95BA-9C5BE4338400}.AppStore|x64.Deploy.0 = Release|x64
		{E7758C9D-1A85-4F05-95BA-9C5BE4338400}.AppStore|x86.ActiveCfg = Release|x86
		{E7758C9D-1A85-4F05-95BA-9C5BE4338400}.AppStore|x86.Build.0 = Release|x86
		{E7758C9D-1A85-4F05-95BA-9C5BE4338400}.AppStore|x86.Deploy.0 = Release|x86
		{E7758C9D-1A85-4F05-95BA-9C5BE4338400}.Debug|Any CPU.ActiveCfg = Debug|x86
		{E7758C9D-1A85-4F05-95BA-9C5BE4338400}.Debug|ARM.ActiveCfg = Debug|ARM
		{E7758C9D-1A85-4F05-95BA-9C5BE4338400}.Debug|ARM.Build.0 = Debug|ARM
		{E7758C9D-1A85-4F05-95BA-9C5BE4338400}.Debug|ARM.Deploy.0 = Debug|ARM
		{E7758C9D-1A85-4F05-95BA-9C5BE4338400}.Debug|iPhone.ActiveCfg = Debug|x86
		{E7758C9D-1A85-4F05-95BA-9C5BE4338400}.Debug|iPhoneSimulator.ActiveCfg = Debug|x86
		{E7758C9D-1A85-4F05-95BA-9C5BE4338400}.Debug|x64.ActiveCfg = Debug|x64
		{E7758C9D-1A85-4F05-95BA-9C5BE4338400}.Debug|x64.Build.0 = Debug|x64
		{E7758C9D-1A85-4F05-95BA-9C5BE4338400}.Debug|x64.Deploy.0 = Debug|x64
		{E7758C9D-1A85-4F05-95BA-9C5BE4338400}.Debug|x86.ActiveCfg = Debug|x86
		{E7758C9D-1A85-4F05-95BA-9C5BE4338400}.Debug|x86.Build.0 = Debug|x86
		{E7758C9D-1A85-4F05-95BA-9C5BE4338400}.Debug|x86.Deploy.0 = Debug|x86
		{E7758C9D-1A85-4F05-95BA-9C5BE4338400}.Release|Any CPU.ActiveCfg = Release|x86
		{E7758C9D-1A85-4F05-95BA-9C5BE4338400}.Release|ARM.ActiveCfg = Release|ARM
		{E7758C9D-1A85-4F05-95BA-9C5BE4338400}.Release|ARM.Build.0 = Release|ARM
		{E7758C9D-1A85-4F05-95BA-9C5BE4338400}.Release|ARM.Deploy.0 = Release|ARM
		{E7758C9D-1A85-4F05-95BA-9C5BE4338400}.Release|iPhone.ActiveCfg = Release|x86
		{E7758C9D-1A85-4F05-95BA-9C5BE4338400}.Release|iPhoneSimulator.ActiveCfg = Release|x86
		{E7758C9D-1A85-4F05-95BA-9C5BE4338400}.Release|x64.ActiveCfg = Release|x64
		{E7758C9D-1A85-4F05-95BA-9C5BE4338400}.Release|x64.Build.0 = Release|x64
		{E7758C9D-1A85-4F05-95BA-9C5BE4338400}.Release|x64.Deploy.0 = Release|x64
		{E7758C9D-1A85-4F05-95BA-9C5BE4338400}.Release|x86.ActiveCfg = Release|x86
		{E7758C9D-1A85-4F05-95BA-9C5BE4338400}.Release|x86.Build.0 = Release|x86
		{E7758C9D-1A85-4F05-95BA-9C5BE4338400}.Release|x86.Deploy.0 = Release|x86
		{17E1D2BA-96E6-4EE8-933B-A706631A8BE1}.Ad-Hoc|Any CPU.ActiveCfg = Ad-Hoc|iPhone
		{17E1D2BA-96E6-4EE8-933B-A706631A8BE1}.Ad-Hoc|ARM.ActiveCfg = Ad-Hoc|iPhone
		{17E1D2BA-96E6-4EE8-933B-A706631A8BE1}.Ad-Hoc|iPhone.ActiveCfg = Ad-Hoc|iPhone
		{17E1D2BA-96E6-4EE8-933B-A706631A8BE1}.Ad-Hoc|iPhone.Build.0 = Ad-Hoc|iPhone
		{17E1D2BA-96E6-4EE8-933B-A706631A8BE1}.Ad-Hoc|iPhoneSimulator.ActiveCfg = Ad-Hoc|iPhoneSimulator
		{17E1D2BA-96E6-4EE8-933B-A706631A8BE1}.Ad-Hoc|iPhoneSimulator.Build.0 = Ad-Hoc|iPhoneSimulator
		{17E1D2BA-96E6-4EE8-933B-A706631A8BE1}.Ad-Hoc|x64.ActiveCfg = Ad-Hoc|iPhone
		{17E1D2BA-96E6-4EE8-933B-A706631A8BE1}.Ad-Hoc|x86.ActiveCfg = Ad-Hoc|iPhone
		{17E1D2BA-96E6-4EE8-933B-A706631A8BE1}.AppStore|Any CPU.ActiveCfg = AppStore|iPhone
		{17E1D2BA-96E6-4EE8-933B-A706631A8BE1}.AppStore|ARM.ActiveCfg = AppStore|iPhone
		{17E1D2BA-96E6-4EE8-933B-A706631A8BE1}.AppStore|iPhone.ActiveCfg = AppStore|iPhone
		{17E1D2BA-96E6-4EE8-933B-A706631A8BE1}.AppStore|iPhone.Build.0 = AppStore|iPhone
		{17E1D2BA-96E6-4EE8-933B-A706631A8BE1}.AppStore|iPhoneSimulator.ActiveCfg = AppStore|iPhoneSimulator
		{17E1D2BA-96E6-4EE8-933B-A706631A8BE1}.AppStore|iPhoneSimulator.Build.0 = AppStore|iPhoneSimulator
		{17E1D2BA-96E6-4EE8-933B-A706631A8BE1}.AppStore|x64.ActiveCfg = AppStore|iPhone
		{17E1D2BA-96E6-4EE8-933B-A706631A8BE1}.AppStore|x86.ActiveCfg = AppStore|iPhone
		{17E1D2BA-96E6-4EE8-933B-A706631A8BE1}.Debug|Any CPU.ActiveCfg = Debug|iPhone
		{17E1D2BA-96E6-4EE8-933B-A706631A8BE1}.Debug|ARM.ActiveCfg = Debug|iPhone
		{17E1D2BA-96E6-4EE8-933B-A706631A8BE1}.Debug|iPhone.ActiveCfg = Debug|iPhone
		{17E1D2BA-96E6-4EE8-933B-A706631A8BE1}.Debug|iPhone.Build.0 = Debug|iPhone
		{17E1D2BA-96E6-4EE8-933B-A706631A8BE1}.Debug|iPhoneSimulator.ActiveCfg = Debug|iPhoneSimulator
		{17E1D2BA-96E6-4EE8-933B-A706631A8BE1}.Debug|iPhoneSimulator.Build.0 = Debug|iPhoneSimulator
		{17E1D2BA-96E6-4EE8-933B-A706631A8BE1}.Debug|x64.ActiveCfg = Debug|iPhone
		{17E1D2BA-96E6-4EE8-933B-A706631A8BE1}.Debug|x86.ActiveCfg = Debug|iPhone
		{17E1D2BA-96E6-4EE8-933B-A706631A8BE1}.Release|Any CPU.ActiveCfg = Release|iPhone
		{17E1D2BA-96E6-4EE8-933B-A706631A8BE1}.Release|ARM.ActiveCfg = Release|iPhone
		{17E1D2BA-96E6-4EE8-933B-A706631A8BE1}.Release|iPhone.ActiveCfg = Release|iPhone
		{17E1D2BA-96E6-4EE8-933B-A706631A8BE1}.Release|iPhone.Build.0 = Release|iPhone
		{17E1D2BA-96E6-4EE8-933B-A706631A8BE1}.Release|iPhoneSimulator.ActiveCfg = Release|iPhoneSimulator
		{17E1D2BA-96E6-4EE8-933B-A706631A8BE1}.Release|iPhoneSimulator.Build.0 = Release|iPhoneSimulator
		{17E1D2BA-96E6-4EE8-933B-A706631A8BE1}.Release|x64.ActiveCfg = Release|iPhone
		{17E1D2BA-96E6-4EE8-933B-A706631A8BE1}.Release|x86.ActiveCfg = Release|iPhone
	EndGlobalSection
	GlobalSection(SolutionProperties) = preSolution
		HideSolutionNode = FALSE
	EndGlobalSection
EndGlobal
