
Microsoft Visual Studio Solution File, Format Version 12.00
# Visual Studio 15
VisualStudioVersion = 15.0.26430.15
MinimumVisualStudioVersion = 10.0.40219.1
Project("{FAE04EC0-301F-11D3-BF4B-00C04F79EFBC}") = "pcl_app_tabpage1.Android", "pcl_app_tabpage1\pcl_app_tabpage1.Android\pcl_app_tabpage1.Android.csproj", "{07EA81DF-B535-4679-806A-E65E37CCEC9F}"
EndProject
Project("{FAE04EC0-301F-11D3-BF4B-00C04F79EFBC}") = "pcl_app_tabpage1", "pcl_app_tabpage1\pcl_app_tabpage1\pcl_app_tabpage1.csproj", "{BCBDE79F-84F3-4E7D-B391-5385E81206BD}"
EndProject
Global
	GlobalSection(SolutionConfigurationPlatforms) = preSolution
		Ad-Hoc|Any CPU = Ad-Hoc|Any CPU
		Ad-Hoc|ARM = Ad-Hoc|ARM
		Ad-Hoc|iPhone = Ad-Hoc|iPhone
		Ad-Hoc|iPhoneSimulator = Ad-Hoc|iPhoneSimulator
		Ad-Hoc|x64 = Ad-Hoc|x64
		Ad-Hoc|x86 = Ad-Hoc|x86
		AppStore|Any CPU = AppStore|Any CPU
		AppStore|ARM = AppStore|ARM
		AppStore|iPhone = AppStore|iPhone
		AppStore|iPhoneSimulator = AppStore|iPhoneSimulator
		AppStore|x64 = AppStore|x64
		AppStore|x86 = AppStore|x86
		Debug|Any CPU = Debug|Any CPU
		Debug|ARM = Debug|ARM
		Debug|iPhone = Debug|iPhone
		Debug|iPhoneSimulator = Debug|iPhoneSimulator
		Debug|x64 = Debug|x64
		Debug|x86 = Debug|x86
		Release|Any CPU = Release|Any CPU
		Release|ARM = Release|ARM
		Release|iPhone = Release|iPhone
		Release|iPhoneSimulator = Release|iPhoneSimulator
		Release|x64 = Release|x64
		Release|x86 = Release|x86
	EndGlobalSection
	GlobalSection(ProjectConfigurationPlatforms) = postSolution
		{07EA81DF-B535-4679-806A-E65E37CCEC9F}.Ad-Hoc|Any CPU.ActiveCfg = Release|Any CPU
		{07EA81DF-B535-4679-806A-E65E37CCEC9F}.Ad-Hoc|Any CPU.Build.0 = Release|Any CPU
		{07EA81DF-B535-4679-806A-E65E37CCEC9F}.Ad-Hoc|Any CPU.Deploy.0 = Release|Any CPU
		{07EA81DF-B535-4679-806A-E65E37CCEC9F}.Ad-Hoc|ARM.ActiveCfg = Release|Any CPU
		{07EA81DF-B535-4679-806A-E65E37CCEC9F}.Ad-Hoc|ARM.Build.0 = Release|Any CPU
		{07EA81DF-B535-4679-806A-E65E37CCEC9F}.Ad-Hoc|ARM.Deploy.0 = Release|Any CPU
		{07EA81DF-B535-4679-806A-E65E37CCEC9F}.Ad-Hoc|iPhone.ActiveCfg = Release|Any CPU
		{07EA81DF-B535-4679-806A-E65E37CCEC9F}.Ad-Hoc|iPhone.Build.0 = Release|Any CPU
		{07EA81DF-B535-4679-806A-E65E37CCEC9F}.Ad-Hoc|iPhone.Deploy.0 = Release|Any CPU
		{07EA81DF-B535-4679-806A-E65E37CCEC9F}.Ad-Hoc|iPhoneSimulator.ActiveCfg = Release|Any CPU
		{07EA81DF-B535-4679-806A-E65E37CCEC9F}.Ad-Hoc|iPhoneSimulator.Build.0 = Release|Any CPU
		{07EA81DF-B535-4679-806A-E65E37CCEC9F}.Ad-Hoc|iPhoneSimulator.Deploy.0 = Release|Any CPU
		{07EA81DF-B535-4679-806A-E65E37CCEC9F}.Ad-Hoc|x64.ActiveCfg = Release|Any CPU
		{07EA81DF-B535-4679-806A-E65E37CCEC9F}.Ad-Hoc|x64.Build.0 = Release|Any CPU
		{07EA81DF-B535-4679-806A-E65E37CCEC9F}.Ad-Hoc|x64.Deploy.0 = Release|Any CPU
		{07EA81DF-B535-4679-806A-E65E37CCEC9F}.Ad-Hoc|x86.ActiveCfg = Release|Any CPU
		{07EA81DF-B535-4679-806A-E65E37CCEC9F}.Ad-Hoc|x86.Build.0 = Release|Any CPU
		{07EA81DF-B535-4679-806A-E65E37CCEC9F}.Ad-Hoc|x86.Deploy.0 = Release|Any CPU
		{07EA81DF-B535-4679-806A-E65E37CCEC9F}.AppStore|Any CPU.ActiveCfg = Release|Any CPU
		{07EA81DF-B535-4679-806A-E65E37CCEC9F}.AppStore|Any CPU.Build.0 = Release|Any CPU
		{07EA81DF-B535-4679-806A-E65E37CCEC9F}.AppStore|Any CPU.Deploy.0 = Release|Any CPU
		{07EA81DF-B535-4679-806A-E65E37CCEC9F}.AppStore|ARM.ActiveCfg = Release|Any CPU
		{07EA81DF-B535-4679-806A-E65E37CCEC9F}.AppStore|ARM.Build.0 = Release|Any CPU
		{07EA81DF-B535-4679-806A-E65E37CCEC9F}.AppStore|ARM.Deploy.0 = Release|Any CPU
		{07EA81DF-B535-4679-806A-E65E37CCEC9F}.AppStore|iPhone.ActiveCfg = Release|Any CPU
		{07EA81DF-B535-4679-806A-E65E37CCEC9F}.AppStore|iPhone.Build.0 = Release|Any CPU
		{07EA81DF-B535-4679-806A-E65E37CCEC9F}.AppStore|iPhone.Deploy.0 = Release|Any CPU
		{07EA81DF-B535-4679-806A-E65E37CCEC9F}.AppStore|iPhoneSimulator.ActiveCfg = Release|Any CPU
		{07EA81DF-B535-4679-806A-E65E37CCEC9F}.AppStore|iPhoneSimulator.Build.0 = Release|Any CPU
		{07EA81DF-B535-4679-806A-E65E37CCEC9F}.AppStore|iPhoneSimulator.Deploy.0 = Release|Any CPU
		{07EA81DF-B535-4679-806A-E65E37CCEC9F}.AppStore|x64.ActiveCfg = Release|Any CPU
		{07EA81DF-B535-4679-806A-E65E37CCEC9F}.AppStore|x64.Build.0 = Release|Any CPU
		{07EA81DF-B535-4679-806A-E65E37CCEC9F}.AppStore|x64.Deploy.0 = Release|Any CPU
		{07EA81DF-B535-4679-806A-E65E37CCEC9F}.AppStore|x86.ActiveCfg = Release|Any CPU
		{07EA81DF-B535-4679-806A-E65E37CCEC9F}.AppStore|x86.Build.0 = Release|Any CPU
		{07EA81DF-B535-4679-806A-E65E37CCEC9F}.AppStore|x86.Deploy.0 = Release|Any CPU
		{07EA81DF-B535-4679-806A-E65E37CCEC9F}.Debug|Any CPU.ActiveCfg = Debug|Any CPU
		{07EA81DF-B535-4679-806A-E65E37CCEC9F}.Debug|Any CPU.Build.0 = Debug|Any CPU
		{07EA81DF-B535-4679-806A-E65E37CCEC9F}.Debug|Any CPU.Deploy.0 = Debug|Any CPU
		{07EA81DF-B535-4679-806A-E65E37CCEC9F}.Debug|ARM.ActiveCfg = Debug|Any CPU
		{07EA81DF-B535-4679-806A-E65E37CCEC9F}.Debug|ARM.Build.0 = Debug|Any CPU
		{07EA81DF-B535-4679-806A-E65E37CCEC9F}.Debug|ARM.Deploy.0 = Debug|Any CPU
		{07EA81DF-B535-4679-806A-E65E37CCEC9F}.Debug|iPhone.ActiveCfg = Debug|Any CPU
		{07EA81DF-B535-4679-806A-E65E37CCEC9F}.Debug|iPhone.Build.0 = Debug|Any CPU
		{07EA81DF-B535-4679-806A-E65E37CCEC9F}.Debug|iPhone.Deploy.0 = Debug|Any CPU
		{07EA81DF-B535-4679-806A-E65E37CCEC9F}.Debug|iPhoneSimulator.ActiveCfg = Debug|Any CPU
		{07EA81DF-B535-4679-806A-E65E37CCEC9F}.Debug|iPhoneSimulator.Build.0 = Debug|Any CPU
		{07EA81DF-B535-4679-806A-E65E37CCEC9F}.Debug|iPhoneSimulator.Deploy.0 = Debug|Any CPU
		{07EA81DF-B535-4679-806A-E65E37CCEC9F}.Debug|x64.ActiveCfg = Debug|Any CPU
		{07EA81DF-B535-4679-806A-E65E37CCEC9F}.Debug|x64.Build.0 = Debug|Any CPU
		{07EA81DF-B535-4679-806A-E65E37CCEC9F}.Debug|x64.Deploy.0 = Debug|Any CPU
		{07EA81DF-B535-4679-806A-E65E37CCEC9F}.Debug|x86.ActiveCfg = Debug|Any CPU
		{07EA81DF-B535-4679-806A-E65E37CCEC9F}.Debug|x86.Build.0 = Debug|Any CPU
		{07EA81DF-B535-4679-806A-E65E37CCEC9F}.Debug|x86.Deploy.0 = Debug|Any CPU
		{07EA81DF-B535-4679-806A-E65E37CCEC9F}.Release|Any CPU.ActiveCfg = Release|Any CPU
		{07EA81DF-B535-4679-806A-E65E37CCEC9F}.Release|Any CPU.Build.0 = Release|Any CPU
		{07EA81DF-B535-4679-806A-E65E37CCEC9F}.Release|Any CPU.Deploy.0 = Release|Any CPU
		{07EA81DF-B535-4679-806A-E65E37CCEC9F}.Release|ARM.ActiveCfg = Release|Any CPU
		{07EA81DF-B535-4679-806A-E65E37CCEC9F}.Release|ARM.Build.0 = Release|Any CPU
		{07EA81DF-B535-4679-806A-E65E37CCEC9F}.Release|ARM.Deploy.0 = Release|Any CPU
		{07EA81DF-B535-4679-806A-E65E37CCEC9F}.Release|iPhone.ActiveCfg = Release|Any CPU
		{07EA81DF-B535-4679-806A-E65E37CCEC9F}.Release|iPhone.Build.0 = Release|Any CPU
		{07EA81DF-B535-4679-806A-E65E37CCEC9F}.Release|iPhone.Deploy.0 = Release|Any CPU
		{07EA81DF-B535-4679-806A-E65E37CCEC9F}.Release|iPhoneSimulator.ActiveCfg = Release|Any CPU
		{07EA81DF-B535-4679-806A-E65E37CCEC9F}.Release|iPhoneSimulator.Build.0 = Release|Any CPU
		{07EA81DF-B535-4679-806A-E65E37CCEC9F}.Release|iPhoneSimulator.Deploy.0 = Release|Any CPU
		{07EA81DF-B535-4679-806A-E65E37CCEC9F}.Release|x64.ActiveCfg = Release|Any CPU
		{07EA81DF-B535-4679-806A-E65E37CCEC9F}.Release|x64.Build.0 = Release|Any CPU
		{07EA81DF-B535-4679-806A-E65E37CCEC9F}.Release|x64.Deploy.0 = Release|Any CPU
		{07EA81DF-B535-4679-806A-E65E37CCEC9F}.Release|x86.ActiveCfg = Release|Any CPU
		{07EA81DF-B535-4679-806A-E65E37CCEC9F}.Release|x86.Build.0 = Release|Any CPU
		{07EA81DF-B535-4679-806A-E65E37CCEC9F}.Release|x86.Deploy.0 = Release|Any CPU
		{BCBDE79F-84F3-4E7D-B391-5385E81206BD}.Ad-Hoc|Any CPU.ActiveCfg = Release|Any CPU
		{BCBDE79F-84F3-4E7D-B391-5385E81206BD}.Ad-Hoc|Any CPU.Build.0 = Release|Any CPU
		{BCBDE79F-84F3-4E7D-B391-5385E81206BD}.Ad-Hoc|ARM.ActiveCfg = Release|Any CPU
		{BCBDE79F-84F3-4E7D-B391-5385E81206BD}.Ad-Hoc|ARM.Build.0 = Release|Any CPU
		{BCBDE79F-84F3-4E7D-B391-5385E81206BD}.Ad-Hoc|iPhone.ActiveCfg = Release|Any CPU
		{BCBDE79F-84F3-4E7D-B391-5385E81206BD}.Ad-Hoc|iPhone.Build.0 = Release|Any CPU
		{BCBDE79F-84F3-4E7D-B391-5385E81206BD}.Ad-Hoc|iPhoneSimulator.ActiveCfg = Release|Any CPU
		{BCBDE79F-84F3-4E7D-B391-5385E81206BD}.Ad-Hoc|iPhoneSimulator.Build.0 = Release|Any CPU
		{BCBDE79F-84F3-4E7D-B391-5385E81206BD}.Ad-Hoc|x64.ActiveCfg = Release|Any CPU
		{BCBDE79F-84F3-4E7D-B391-5385E81206BD}.Ad-Hoc|x64.Build.0 = Release|Any CPU
		{BCBDE79F-84F3-4E7D-B391-5385E81206BD}.Ad-Hoc|x86.ActiveCfg = Release|Any CPU
		{BCBDE79F-84F3-4E7D-B391-5385E81206BD}.Ad-Hoc|x86.Build.0 = Release|Any CPU
		{BCBDE79F-84F3-4E7D-B391-5385E81206BD}.AppStore|Any CPU.ActiveCfg = Release|Any CPU
		{BCBDE79F-84F3-4E7D-B391-5385E81206BD}.AppStore|Any CPU.Build.0 = Release|Any CPU
		{BCBDE79F-84F3-4E7D-B391-5385E81206BD}.AppStore|ARM.ActiveCfg = Release|Any CPU
		{BCBDE79F-84F3-4E7D-B391-5385E81206BD}.AppStore|ARM.Build.0 = Release|Any CPU
		{BCBDE79F-84F3-4E7D-B391-5385E81206BD}.AppStore|iPhone.ActiveCfg = Release|Any CPU
		{BCBDE79F-84F3-4E7D-B391-5385E81206BD}.AppStore|iPhone.Build.0 = Release|Any CPU
		{BCBDE79F-84F3-4E7D-B391-5385E81206BD}.AppStore|iPhoneSimulator.ActiveCfg = Release|Any CPU
		{BCBDE79F-84F3-4E7D-B391-5385E81206BD}.AppStore|iPhoneSimulator.Build.0 = Release|Any CPU
		{BCBDE79F-84F3-4E7D-B391-5385E81206BD}.AppStore|x64.ActiveCfg = Release|Any CPU
		{BCBDE79F-84F3-4E7D-B391-5385E81206BD}.AppStore|x64.Build.0 = Release|Any CPU
		{BCBDE79F-84F3-4E7D-B391-5385E81206BD}.AppStore|x86.ActiveCfg = Release|Any CPU
		{BCBDE79F-84F3-4E7D-B391-5385E81206BD}.AppStore|x86.Build.0 = Release|Any CPU
		{BCBDE79F-84F3-4E7D-B391-5385E81206BD}.Debug|Any CPU.ActiveCfg = Debug|Any CPU
		{BCBDE79F-84F3-4E7D-B391-5385E81206BD}.Debug|Any CPU.Build.0 = Debug|Any CPU
		{BCBDE79F-84F3-4E7D-B391-5385E81206BD}.Debug|ARM.ActiveCfg = Debug|Any CPU
		{BCBDE79F-84F3-4E7D-B391-5385E81206BD}.Debug|ARM.Build.0 = Debug|Any CPU
		{BCBDE79F-84F3-4E7D-B391-5385E81206BD}.Debug|iPhone.ActiveCfg = Debug|Any CPU
		{BCBDE79F-84F3-4E7D-B391-5385E81206BD}.Debug|iPhone.Build.0 = Debug|Any CPU
		{BCBDE79F-84F3-4E7D-B391-5385E81206BD}.Debug|iPhoneSimulator.ActiveCfg = Debug|Any CPU
		{BCBDE79F-84F3-4E7D-B391-5385E81206BD}.Debug|iPhoneSimulator.Build.0 = Debug|Any CPU
		{BCBDE79F-84F3-4E7D-B391-5385E81206BD}.Debug|x64.ActiveCfg = Debug|Any CPU
		{BCBDE79F-84F3-4E7D-B391-5385E81206BD}.Debug|x64.Build.0 = Debug|Any CPU
		{BCBDE79F-84F3-4E7D-B391-5385E81206BD}.Debug|x86.ActiveCfg = Debug|Any CPU
		{BCBDE79F-84F3-4E7D-B391-5385E81206BD}.Debug|x86.Build.0 = Debug|Any CPU
		{BCBDE79F-84F3-4E7D-B391-5385E81206BD}.Release|Any CPU.ActiveCfg = Release|Any CPU
		{BCBDE79F-84F3-4E7D-B391-5385E81206BD}.Release|Any CPU.Build.0 = Release|Any CPU
		{BCBDE79F-84F3-4E7D-B391-5385E81206BD}.Release|ARM.ActiveCfg = Release|Any CPU
		{BCBDE79F-84F3-4E7D-B391-5385E81206BD}.Release|ARM.Build.0 = Release|Any CPU
		{BCBDE79F-84F3-4E7D-B391-5385E81206BD}.Release|iPhone.ActiveCfg = Release|Any CPU
		{BCBDE79F-84F3-4E7D-B391-5385E81206BD}.Release|iPhone.Build.0 = Release|Any CPU
		{BCBDE79F-84F3-4E7D-B391-5385E81206BD}.Release|iPhoneSimulator.ActiveCfg = Release|Any CPU
		{BCBDE79F-84F3-4E7D-B391-5385E81206BD}.Release|iPhoneSimulator.Build.0 = Release|Any CPU
		{BCBDE79F-84F3-4E7D-B391-5385E81206BD}.Release|x64.ActiveCfg = Release|Any CPU
		{BCBDE79F-84F3-4E7D-B391-5385E81206BD}.Release|x64.Build.0 = Release|Any CPU
		{BCBDE79F-84F3-4E7D-B391-5385E81206BD}.Release|x86.ActiveCfg = Release|Any CPU
		{BCBDE79F-84F3-4E7D-B391-5385E81206BD}.Release|x86.Build.0 = Release|Any CPU
	EndGlobalSection
	GlobalSection(SolutionProperties) = preSolution
		HideSolutionNode = FALSE
	EndGlobalSection
EndGlobal
