
Microsoft Visual Studio Solution File, Format Version 12.00
# Visual Studio 15
VisualStudioVersion = 15.0.26430.15
MinimumVisualStudioVersion = 10.0.40219.1
Project("{D954291E-2A0B-460D-934E-DC6B0785DB48}") = "OlaMundoPartilhado", "OlaMundoPartilhado\OlaMundoPartilhado\OlaMundoPartilhado.shproj", "{46E97F4E-8856-4FA4-B81D-A9038965BDCF}"
EndProject
Project("{FAE04EC0-301F-11D3-BF4B-00C04F79EFBC}") = "OlaMundoPartilhado.Android", "OlaMundoPartilhado\OlaMundoPartilhado.Android\OlaMundoPartilhado.Android.csproj", "{3B09AB81-8D24-4EAD-A07D-8DB1C6D0FD0C}"
EndProject
Project("{FAE04EC0-301F-11D3-BF4B-00C04F79EFBC}") = "OlaMundoPartilhado.iOS", "OlaMundoPartilhado\OlaMundoPartilhado.iOS\OlaMundoPartilhado.iOS.csproj", "{90A11788-7ED8-4B79-B0B8-35887E77CF21}"
EndProject
Project("{FAE04EC0-301F-11D3-BF4B-00C04F79EFBC}") = "OlaMundoPartilhado.UWP", "OlaMundoPartilhado\OlaMundoPartilhado.UWP\OlaMundoPartilhado.UWP.csproj", "{1F61D345-CDD9-4C87-8D8F-2904076E7682}"
EndProject
Global
	GlobalSection(SharedMSBuildProjectFiles) = preSolution
		OlaMundoPartilhado\OlaMundoPartilhado\OlaMundoPartilhado.projitems*{3b09ab81-8d24-4ead-a07d-8db1c6d0fd0c}*SharedItemsImports = 4
		OlaMundoPartilhado\OlaMundoPartilhado\OlaMundoPartilhado.projitems*{46e97f4e-8856-4fa4-b81d-a9038965bdcf}*SharedItemsImports = 13
		OlaMundoPartilhado\OlaMundoPartilhado\OlaMundoPartilhado.projitems*{90a11788-7ed8-4b79-b0b8-35887e77cf21}*SharedItemsImports = 4
	EndGlobalSection
	GlobalSection(SolutionConfigurationPlatforms) = preSolution
		Ad-Hoc|Any CPU = Ad-Hoc|Any CPU
		Ad-Hoc|ARM = Ad-Hoc|ARM
		Ad-Hoc|iPhone = Ad-Hoc|iPhone
		Ad-Hoc|iPhoneSimulator = Ad-Hoc|iPhoneSimulator
		Ad-Hoc|x64 = Ad-Hoc|x64
		Ad-Hoc|x86 = Ad-Hoc|x86
		AppStore|Any CPU = AppStore|Any CPU
		AppStore|ARM = AppStore|ARM
		AppStore|iPhone = AppStore|iPhone
		AppStore|iPhoneSimulator = AppStore|iPhoneSimulator
		AppStore|x64 = AppStore|x64
		AppStore|x86 = AppStore|x86
		Debug|Any CPU = Debug|Any CPU
		Debug|ARM = Debug|ARM
		Debug|iPhone = Debug|iPhone
		Debug|iPhoneSimulator = Debug|iPhoneSimulator
		Debug|x64 = Debug|x64
		Debug|x86 = Debug|x86
		Release|Any CPU = Release|Any CPU
		Release|ARM = Release|ARM
		Release|iPhone = Release|iPhone
		Release|iPhoneSimulator = Release|iPhoneSimulator
		Release|x64 = Release|x64
		Release|x86 = Release|x86
	EndGlobalSection
	GlobalSection(ProjectConfigurationPlatforms) = postSolution
		{3B09AB81-8D24-4EAD-A07D-8DB1C6D0FD0C}.Ad-Hoc|Any CPU.ActiveCfg = Release|Any CPU
		{3B09AB81-8D24-4EAD-A07D-8DB1C6D0FD0C}.Ad-Hoc|Any CPU.Build.0 = Release|Any CPU
		{3B09AB81-8D24-4EAD-A07D-8DB1C6D0FD0C}.Ad-Hoc|Any CPU.Deploy.0 = Release|Any CPU
		{3B09AB81-8D24-4EAD-A07D-8DB1C6D0FD0C}.Ad-Hoc|ARM.ActiveCfg = Release|Any CPU
		{3B09AB81-8D24-4EAD-A07D-8DB1C6D0FD0C}.Ad-Hoc|ARM.Build.0 = Release|Any CPU
		{3B09AB81-8D24-4EAD-A07D-8DB1C6D0FD0C}.Ad-Hoc|ARM.Deploy.0 = Release|Any CPU
		{3B09AB81-8D24-4EAD-A07D-8DB1C6D0FD0C}.Ad-Hoc|iPhone.ActiveCfg = Release|Any CPU
		{3B09AB81-8D24-4EAD-A07D-8DB1C6D0FD0C}.Ad-Hoc|iPhone.Build.0 = Release|Any CPU
		{3B09AB81-8D24-4EAD-A07D-8DB1C6D0FD0C}.Ad-Hoc|iPhone.Deploy.0 = Release|Any CPU
		{3B09AB81-8D24-4EAD-A07D-8DB1C6D0FD0C}.Ad-Hoc|iPhoneSimulator.ActiveCfg = Release|Any CPU
		{3B09AB81-8D24-4EAD-A07D-8DB1C6D0FD0C}.Ad-Hoc|iPhoneSimulator.Build.0 = Release|Any CPU
		{3B09AB81-8D24-4EAD-A07D-8DB1C6D0FD0C}.Ad-Hoc|iPhoneSimulator.Deploy.0 = Release|Any CPU
		{3B09AB81-8D24-4EAD-A07D-8DB1C6D0FD0C}.Ad-Hoc|x64.ActiveCfg = Release|Any CPU
		{3B09AB81-8D24-4EAD-A07D-8DB1C6D0FD0C}.Ad-Hoc|x64.Build.0 = Release|Any CPU
		{3B09AB81-8D24-4EAD-A07D-8DB1C6D0FD0C}.Ad-Hoc|x64.Deploy.0 = Release|Any CPU
		{3B09AB81-8D24-4EAD-A07D-8DB1C6D0FD0C}.Ad-Hoc|x86.ActiveCfg = Release|Any CPU
		{3B09AB81-8D24-4EAD-A07D-8DB1C6D0FD0C}.Ad-Hoc|x86.Build.0 = Release|Any CPU
		{3B09AB81-8D24-4EAD-A07D-8DB1C6D0FD0C}.Ad-Hoc|x86.Deploy.0 = Release|Any CPU
		{3B09AB81-8D24-4EAD-A07D-8DB1C6D0FD0C}.AppStore|Any CPU.ActiveCfg = Release|Any CPU
		{3B09AB81-8D24-4EAD-A07D-8DB1C6D0FD0C}.AppStore|Any CPU.Build.0 = Release|Any CPU
		{3B09AB81-8D24-4EAD-A07D-8DB1C6D0FD0C}.AppStore|Any CPU.Deploy.0 = Release|Any CPU
		{3B09AB81-8D24-4EAD-A07D-8DB1C6D0FD0C}.AppStore|ARM.ActiveCfg = Release|Any CPU
		{3B09AB81-8D24-4EAD-A07D-8DB1C6D0FD0C}.AppStore|ARM.Build.0 = Release|Any CPU
		{3B09AB81-8D24-4EAD-A07D-8DB1C6D0FD0C}.AppStore|ARM.Deploy.0 = Release|Any CPU
		{3B09AB81-8D24-4EAD-A07D-8DB1C6D0FD0C}.AppStore|iPhone.ActiveCfg = Release|Any CPU
		{3B09AB81-8D24-4EAD-A07D-8DB1C6D0FD0C}.AppStore|iPhone.Build.0 = Release|Any CPU
		{3B09AB81-8D24-4EAD-A07D-8DB1C6D0FD0C}.AppStore|iPhone.Deploy.0 = Release|Any CPU
		{3B09AB81-8D24-4EAD-A07D-8DB1C6D0FD0C}.AppStore|iPhoneSimulator.ActiveCfg = Release|Any CPU
		{3B09AB81-8D24-4EAD-A07D-8DB1C6D0FD0C}.AppStore|iPhoneSimulator.Build.0 = Release|Any CPU
		{3B09AB81-8D24-4EAD-A07D-8DB1C6D0FD0C}.AppStore|iPhoneSimulator.Deploy.0 = Release|Any CPU
		{3B09AB81-8D24-4EAD-A07D-8DB1C6D0FD0C}.AppStore|x64.ActiveCfg = Release|Any CPU
		{3B09AB81-8D24-4EAD-A07D-8DB1C6D0FD0C}.AppStore|x64.Build.0 = Release|Any CPU
		{3B09AB81-8D24-4EAD-A07D-8DB1C6D0FD0C}.AppStore|x64.Deploy.0 = Release|Any CPU
		{3B09AB81-8D24-4EAD-A07D-8DB1C6D0FD0C}.AppStore|x86.ActiveCfg = Release|Any CPU
		{3B09AB81-8D24-4EAD-A07D-8DB1C6D0FD0C}.AppStore|x86.Build.0 = Release|Any CPU
		{3B09AB81-8D24-4EAD-A07D-8DB1C6D0FD0C}.AppStore|x86.Deploy.0 = Release|Any CPU
		{3B09AB81-8D24-4EAD-A07D-8DB1C6D0FD0C}.Debug|Any CPU.ActiveCfg = Debug|Any CPU
		{3B09AB81-8D24-4EAD-A07D-8DB1C6D0FD0C}.Debug|Any CPU.Build.0 = Debug|Any CPU
		{3B09AB81-8D24-4EAD-A07D-8DB1C6D0FD0C}.Debug|Any CPU.Deploy.0 = Debug|Any CPU
		{3B09AB81-8D24-4EAD-A07D-8DB1C6D0FD0C}.Debug|ARM.ActiveCfg = Debug|Any CPU
		{3B09AB81-8D24-4EAD-A07D-8DB1C6D0FD0C}.Debug|ARM.Build.0 = Debug|Any CPU
		{3B09AB81-8D24-4EAD-A07D-8DB1C6D0FD0C}.Debug|ARM.Deploy.0 = Debug|Any CPU
		{3B09AB81-8D24-4EAD-A07D-8DB1C6D0FD0C}.Debug|iPhone.ActiveCfg = Debug|Any CPU
		{3B09AB81-8D24-4EAD-A07D-8DB1C6D0FD0C}.Debug|iPhone.Build.0 = Debug|Any CPU
		{3B09AB81-8D24-4EAD-A07D-8DB1C6D0FD0C}.Debug|iPhone.Deploy.0 = Debug|Any CPU
		{3B09AB81-8D24-4EAD-A07D-8DB1C6D0FD0C}.Debug|iPhoneSimulator.ActiveCfg = Debug|Any CPU
		{3B09AB81-8D24-4EAD-A07D-8DB1C6D0FD0C}.Debug|iPhoneSimulator.Build.0 = Debug|Any CPU
		{3B09AB81-8D24-4EAD-A07D-8DB1C6D0FD0C}.Debug|iPhoneSimulator.Deploy.0 = Debug|Any CPU
		{3B09AB81-8D24-4EAD-A07D-8DB1C6D0FD0C}.Debug|x64.ActiveCfg = Debug|Any CPU
		{3B09AB81-8D24-4EAD-A07D-8DB1C6D0FD0C}.Debug|x64.Build.0 = Debug|Any CPU
		{3B09AB81-8D24-4EAD-A07D-8DB1C6D0FD0C}.Debug|x64.Deploy.0 = Debug|Any CPU
		{3B09AB81-8D24-4EAD-A07D-8DB1C6D0FD0C}.Debug|x86.ActiveCfg = Debug|Any CPU
		{3B09AB81-8D24-4EAD-A07D-8DB1C6D0FD0C}.Debug|x86.Build.0 = Debug|Any CPU
		{3B09AB81-8D24-4EAD-A07D-8DB1C6D0FD0C}.Debug|x86.Deploy.0 = Debug|Any CPU
		{3B09AB81-8D24-4EAD-A07D-8DB1C6D0FD0C}.Release|Any CPU.ActiveCfg = Release|Any CPU
		{3B09AB81-8D24-4EAD-A07D-8DB1C6D0FD0C}.Release|Any CPU.Build.0 = Release|Any CPU
		{3B09AB81-8D24-4EAD-A07D-8DB1C6D0FD0C}.Release|Any CPU.Deploy.0 = Release|Any CPU
		{3B09AB81-8D24-4EAD-A07D-8DB1C6D0FD0C}.Release|ARM.ActiveCfg = Release|Any CPU
		{3B09AB81-8D24-4EAD-A07D-8DB1C6D0FD0C}.Release|ARM.Build.0 = Release|Any CPU
		{3B09AB81-8D24-4EAD-A07D-8DB1C6D0FD0C}.Release|ARM.Deploy.0 = Release|Any CPU
		{3B09AB81-8D24-4EAD-A07D-8DB1C6D0FD0C}.Release|iPhone.ActiveCfg = Release|Any CPU
		{3B09AB81-8D24-4EAD-A07D-8DB1C6D0FD0C}.Release|iPhone.Build.0 = Release|Any CPU
		{3B09AB81-8D24-4EAD-A07D-8DB1C6D0FD0C}.Release|iPhone.Deploy.0 = Release|Any CPU
		{3B09AB81-8D24-4EAD-A07D-8DB1C6D0FD0C}.Release|iPhoneSimulator.ActiveCfg = Release|Any CPU
		{3B09AB81-8D24-4EAD-A07D-8DB1C6D0FD0C}.Release|iPhoneSimulator.Build.0 = Release|Any CPU
		{3B09AB81-8D24-4EAD-A07D-8DB1C6D0FD0C}.Release|iPhoneSimulator.Deploy.0 = Release|Any CPU
		{3B09AB81-8D24-4EAD-A07D-8DB1C6D0FD0C}.Release|x64.ActiveCfg = Release|Any CPU
		{3B09AB81-8D24-4EAD-A07D-8DB1C6D0FD0C}.Release|x64.Build.0 = Release|Any CPU
		{3B09AB81-8D24-4EAD-A07D-8DB1C6D0FD0C}.Release|x64.Deploy.0 = Release|Any CPU
		{3B09AB81-8D24-4EAD-A07D-8DB1C6D0FD0C}.Release|x86.ActiveCfg = Release|Any CPU
		{3B09AB81-8D24-4EAD-A07D-8DB1C6D0FD0C}.Release|x86.Build.0 = Release|Any CPU
		{3B09AB81-8D24-4EAD-A07D-8DB1C6D0FD0C}.Release|x86.Deploy.0 = Release|Any CPU
		{90A11788-7ED8-4B79-B0B8-35887E77CF21}.Ad-Hoc|Any CPU.ActiveCfg = Ad-Hoc|iPhone
		{90A11788-7ED8-4B79-B0B8-35887E77CF21}.Ad-Hoc|ARM.ActiveCfg = Ad-Hoc|iPhone
		{90A11788-7ED8-4B79-B0B8-35887E77CF21}.Ad-Hoc|iPhone.ActiveCfg = Ad-Hoc|iPhone
		{90A11788-7ED8-4B79-B0B8-35887E77CF21}.Ad-Hoc|iPhone.Build.0 = Ad-Hoc|iPhone
		{90A11788-7ED8-4B79-B0B8-35887E77CF21}.Ad-Hoc|iPhoneSimulator.ActiveCfg = Ad-Hoc|iPhoneSimulator
		{90A11788-7ED8-4B79-B0B8-35887E77CF21}.Ad-Hoc|iPhoneSimulator.Build.0 = Ad-Hoc|iPhoneSimulator
		{90A11788-7ED8-4B79-B0B8-35887E77CF21}.Ad-Hoc|x64.ActiveCfg = Ad-Hoc|iPhone
		{90A11788-7ED8-4B79-B0B8-35887E77CF21}.Ad-Hoc|x86.ActiveCfg = Ad-Hoc|iPhone
		{90A11788-7ED8-4B79-B0B8-35887E77CF21}.AppStore|Any CPU.ActiveCfg = AppStore|iPhone
		{90A11788-7ED8-4B79-B0B8-35887E77CF21}.AppStore|ARM.ActiveCfg = AppStore|iPhone
		{90A11788-7ED8-4B79-B0B8-35887E77CF21}.AppStore|iPhone.ActiveCfg = AppStore|iPhone
		{90A11788-7ED8-4B79-B0B8-35887E77CF21}.AppStore|iPhone.Build.0 = AppStore|iPhone
		{90A11788-7ED8-4B79-B0B8-35887E77CF21}.AppStore|iPhoneSimulator.ActiveCfg = AppStore|iPhoneSimulator
		{90A11788-7ED8-4B79-B0B8-35887E77CF21}.AppStore|iPhoneSimulator.Build.0 = AppStore|iPhoneSimulator
		{90A11788-7ED8-4B79-B0B8-35887E77CF21}.AppStore|x64.ActiveCfg = AppStore|iPhone
		{90A11788-7ED8-4B79-B0B8-35887E77CF21}.AppStore|x86.ActiveCfg = AppStore|iPhone
		{90A11788-7ED8-4B79-B0B8-35887E77CF21}.Debug|Any CPU.ActiveCfg = Debug|iPhone
		{90A11788-7ED8-4B79-B0B8-35887E77CF21}.Debug|ARM.ActiveCfg = Debug|iPhone
		{90A11788-7ED8-4B79-B0B8-35887E77CF21}.Debug|iPhone.ActiveCfg = Debug|iPhone
		{90A11788-7ED8-4B79-B0B8-35887E77CF21}.Debug|iPhone.Build.0 = Debug|iPhone
		{90A11788-7ED8-4B79-B0B8-35887E77CF21}.Debug|iPhoneSimulator.ActiveCfg = Debug|iPhoneSimulator
		{90A11788-7ED8-4B79-B0B8-35887E77CF21}.Debug|iPhoneSimulator.Build.0 = Debug|iPhoneSimulator
		{90A11788-7ED8-4B79-B0B8-35887E77CF21}.Debug|x64.ActiveCfg = Debug|iPhone
		{90A11788-7ED8-4B79-B0B8-35887E77CF21}.Debug|x86.ActiveCfg = Debug|iPhone
		{90A11788-7ED8-4B79-B0B8-35887E77CF21}.Release|Any CPU.ActiveCfg = Release|iPhone
		{90A11788-7ED8-4B79-B0B8-35887E77CF21}.Release|ARM.ActiveCfg = Release|iPhone
		{90A11788-7ED8-4B79-B0B8-35887E77CF21}.Release|iPhone.ActiveCfg = Release|iPhone
		{90A11788-7ED8-4B79-B0B8-35887E77CF21}.Release|iPhone.Build.0 = Release|iPhone
		{90A11788-7ED8-4B79-B0B8-35887E77CF21}.Release|iPhoneSimulator.ActiveCfg = Release|iPhoneSimulator
		{90A11788-7ED8-4B79-B0B8-35887E77CF21}.Release|iPhoneSimulator.Build.0 = Release|iPhoneSimulator
		{90A11788-7ED8-4B79-B0B8-35887E77CF21}.Release|x64.ActiveCfg = Release|iPhone
		{90A11788-7ED8-4B79-B0B8-35887E77CF21}.Release|x86.ActiveCfg = Release|iPhone
		{1F61D345-CDD9-4C87-8D8F-2904076E7682}.Ad-Hoc|Any CPU.ActiveCfg = Release|x86
		{1F61D345-CDD9-4C87-8D8F-2904076E7682}.Ad-Hoc|Any CPU.Build.0 = Release|x86
		{1F61D345-CDD9-4C87-8D8F-2904076E7682}.Ad-Hoc|Any CPU.Deploy.0 = Release|x86
		{1F61D345-CDD9-4C87-8D8F-2904076E7682}.Ad-Hoc|ARM.ActiveCfg = Release|ARM
		{1F61D345-CDD9-4C87-8D8F-2904076E7682}.Ad-Hoc|ARM.Build.0 = Release|ARM
		{1F61D345-CDD9-4C87-8D8F-2904076E7682}.Ad-Hoc|ARM.Deploy.0 = Release|ARM
		{1F61D345-CDD9-4C87-8D8F-2904076E7682}.Ad-Hoc|iPhone.ActiveCfg = Release|x86
		{1F61D345-CDD9-4C87-8D8F-2904076E7682}.Ad-Hoc|iPhone.Build.0 = Release|x86
		{1F61D345-CDD9-4C87-8D8F-2904076E7682}.Ad-Hoc|iPhone.Deploy.0 = Release|x86
		{1F61D345-CDD9-4C87-8D8F-2904076E7682}.Ad-Hoc|iPhoneSimulator.ActiveCfg = Release|x86
		{1F61D345-CDD9-4C87-8D8F-2904076E7682}.Ad-Hoc|iPhoneSimulator.Build.0 = Release|x86
		{1F61D345-CDD9-4C87-8D8F-2904076E7682}.Ad-Hoc|iPhoneSimulator.Deploy.0 = Release|x86
		{1F61D345-CDD9-4C87-8D8F-2904076E7682}.Ad-Hoc|x64.ActiveCfg = Release|x64
		{1F61D345-CDD9-4C87-8D8F-2904076E7682}.Ad-Hoc|x64.Build.0 = Release|x64
		{1F61D345-CDD9-4C87-8D8F-2904076E7682}.Ad-Hoc|x64.Deploy.0 = Release|x64
		{1F61D345-CDD9-4C87-8D8F-2904076E7682}.Ad-Hoc|x86.ActiveCfg = Release|x86
		{1F61D345-CDD9-4C87-8D8F-2904076E7682}.Ad-Hoc|x86.Build.0 = Release|x86
		{1F61D345-CDD9-4C87-8D8F-2904076E7682}.Ad-Hoc|x86.Deploy.0 = Release|x86
		{1F61D345-CDD9-4C87-8D8F-2904076E7682}.AppStore|Any CPU.ActiveCfg = Release|x86
		{1F61D345-CDD9-4C87-8D8F-2904076E7682}.AppStore|Any CPU.Build.0 = Release|x86
		{1F61D345-CDD9-4C87-8D8F-2904076E7682}.AppStore|Any CPU.Deploy.0 = Release|x86
		{1F61D345-CDD9-4C87-8D8F-2904076E7682}.AppStore|ARM.ActiveCfg = Release|ARM
		{1F61D345-CDD9-4C87-8D8F-2904076E7682}.AppStore|ARM.Build.0 = Release|ARM
		{1F61D345-CDD9-4C87-8D8F-2904076E7682}.AppStore|ARM.Deploy.0 = Release|ARM
		{1F61D345-CDD9-4C87-8D8F-2904076E7682}.AppStore|iPhone.ActiveCfg = Release|x86
		{1F61D345-CDD9-4C87-8D8F-2904076E7682}.AppStore|iPhone.Build.0 = Release|x86
		{1F61D345-CDD9-4C87-8D8F-2904076E7682}.AppStore|iPhone.Deploy.0 = Release|x86
		{1F61D345-CDD9-4C87-8D8F-2904076E7682}.AppStore|iPhoneSimulator.ActiveCfg = Release|x86
		{1F61D345-CDD9-4C87-8D8F-2904076E7682}.AppStore|iPhoneSimulator.Build.0 = Release|x86
		{1F61D345-CDD9-4C87-8D8F-2904076E7682}.AppStore|iPhoneSimulator.Deploy.0 = Release|x86
		{1F61D345-CDD9-4C87-8D8F-2904076E7682}.AppStore|x64.ActiveCfg = Release|x64
		{1F61D345-CDD9-4C87-8D8F-2904076E7682}.AppStore|x64.Build.0 = Release|x64
		{1F61D345-CDD9-4C87-8D8F-2904076E7682}.AppStore|x64.Deploy.0 = Release|x64
		{1F61D345-CDD9-4C87-8D8F-2904076E7682}.AppStore|x86.ActiveCfg = Release|x86
		{1F61D345-CDD9-4C87-8D8F-2904076E7682}.AppStore|x86.Build.0 = Release|x86
		{1F61D345-CDD9-4C87-8D8F-2904076E7682}.AppStore|x86.Deploy.0 = Release|x86
		{1F61D345-CDD9-4C87-8D8F-2904076E7682}.Debug|Any CPU.ActiveCfg = Debug|x86
		{1F61D345-CDD9-4C87-8D8F-2904076E7682}.Debug|ARM.ActiveCfg = Debug|ARM
		{1F61D345-CDD9-4C87-8D8F-2904076E7682}.Debug|ARM.Build.0 = Debug|ARM
		{1F61D345-CDD9-4C87-8D8F-2904076E7682}.Debug|ARM.Deploy.0 = Debug|ARM
		{1F61D345-CDD9-4C87-8D8F-2904076E7682}.Debug|iPhone.ActiveCfg = Debug|x86
		{1F61D345-CDD9-4C87-8D8F-2904076E7682}.Debug|iPhoneSimulator.ActiveCfg = Debug|x86
		{1F61D345-CDD9-4C87-8D8F-2904076E7682}.Debug|x64.ActiveCfg = Debug|x64
		{1F61D345-CDD9-4C87-8D8F-2904076E7682}.Debug|x64.Build.0 = Debug|x64
		{1F61D345-CDD9-4C87-8D8F-2904076E7682}.Debug|x64.Deploy.0 = Debug|x64
		{1F61D345-CDD9-4C87-8D8F-2904076E7682}.Debug|x86.ActiveCfg = Debug|x86
		{1F61D345-CDD9-4C87-8D8F-2904076E7682}.Debug|x86.Build.0 = Debug|x86
		{1F61D345-CDD9-4C87-8D8F-2904076E7682}.Debug|x86.Deploy.0 = Debug|x86
		{1F61D345-CDD9-4C87-8D8F-2904076E7682}.Release|Any CPU.ActiveCfg = Release|x86
		{1F61D345-CDD9-4C87-8D8F-2904076E7682}.Release|ARM.ActiveCfg = Release|ARM
		{1F61D345-CDD9-4C87-8D8F-2904076E7682}.Release|ARM.Build.0 = Release|ARM
		{1F61D345-CDD9-4C87-8D8F-2904076E7682}.Release|ARM.Deploy.0 = Release|ARM
		{1F61D345-CDD9-4C87-8D8F-2904076E7682}.Release|iPhone.ActiveCfg = Release|x86
		{1F61D345-CDD9-4C87-8D8F-2904076E7682}.Release|iPhoneSimulator.ActiveCfg = Release|x86
		{1F61D345-CDD9-4C87-8D8F-2904076E7682}.Release|x64.ActiveCfg = Release|x64
		{1F61D345-CDD9-4C87-8D8F-2904076E7682}.Release|x64.Build.0 = Release|x64
		{1F61D345-CDD9-4C87-8D8F-2904076E7682}.Release|x64.Deploy.0 = Release|x64
		{1F61D345-CDD9-4C87-8D8F-2904076E7682}.Release|x86.ActiveCfg = Release|x86
		{1F61D345-CDD9-4C87-8D8F-2904076E7682}.Release|x86.Build.0 = Release|x86
		{1F61D345-CDD9-4C87-8D8F-2904076E7682}.Release|x86.Deploy.0 = Release|x86
	EndGlobalSection
	GlobalSection(SolutionProperties) = preSolution
		HideSolutionNode = FALSE
	EndGlobalSection
EndGlobal
